
Microsoft Visual Studio Solution File, Format Version 12.00
# Visual Studio Version 17
VisualStudioVersion = 17.13.35931.197
MinimumVisualStudioVersion = 10.0.40219.1
Project("{FAE04EC0-301F-11D3-BF4B-00C04F79EFBC}") = "api.validata.com", "api.validata.com\api.validata.com.csproj", "{6C443BDA-F610-4CAF-BC2B-3E00A3A1DBEE}"
EndProject
Project("{2150E333-8FDC-42A3-9474-1A3956D46DE8}") = "Layers", "Layers", "{02EA681E-C7D8-13C7-8484-4AC65E1B71E8}"
EndProject
Project("{FAE04EC0-301F-11D3-BF4B-00C04F79EFBC}") = "data.validata.com", "data.validata.com\data.validata.com.csproj", "{174112A8-2166-4CE7-8A12-13FC26735BB8}"
EndProject
Project("{FAE04EC0-301F-11D3-BF4B-00C04F79EFBC}") = "business.validata.com", "business.validata.com\business.validata.com.csproj", "{1B5F5C66-D608-4533-9A03-E313933D2DB1}"
EndProject
Project("{FAE04EC0-301F-11D3-BF4B-00C04F79EFBC}") = "util.validata.com", "util.validata.com\util.validata.com.csproj", "{03B19C80-983E-4F39-BD8B-6242BFE2335A}"
EndProject
Project("{FAE04EC0-301F-11D3-BF4B-00C04F79EFBC}") = "model.validata.com", "model.validata.com\model.validata.com.csproj", "{CA22DE45-5196-4AD2-B773-ADF678F3BFAD}"
EndProject
Project("{2150E333-8FDC-42A3-9474-1A3956D46DE8}") = "Tests", "Tests", "{C5C1312B-A902-4009-BCFF-963733CF7D90}"
EndProject
Project("{FAE04EC0-301F-11D3-BF4B-00C04F79EFBC}") = "util.validata.test", "util.validata.test\util.validata.test.csproj", "{E92BE14A-F40A-4B56-99F9-E4CB42465399}"
EndProject
Project("{FAE04EC0-301F-11D3-BF4B-00C04F79EFBC}") = "business.validata.test", "business.validata.test\business.validata.test.csproj", "{E020507F-72AE-4709-B759-0BAB13FC620D}"
EndProject
Project("{FAE04EC0-301F-11D3-BF4B-00C04F79EFBC}") = "api.validata.test", "api.validata.test\api.validata.test.csproj", "{364FBE78-D526-4595-9552-F87A66DBFCA0}"
EndProject
Project("{FAE04EC0-301F-11D3-BF4B-00C04F79EFBC}") = "model.validata.test", "model.validata.test\model.validata.test.csproj", "{DB0F7C27-3383-4A1C-93F4-9AF6B4D831C4}"
EndProject
Project("{FAE04EC0-301F-11D3-BF4B-00C04F79EFBC}") = "data.validata.test", "data.validata.test\data.validata.test.csproj", "{66B83A2E-5F75-483A-AE83-019928A4AC8D}"
EndProject
Global
	GlobalSection(SolutionConfigurationPlatforms) = preSolution
		Debug|Any CPU = Debug|Any CPU
		Release|Any CPU = Release|Any CPU
	EndGlobalSection
	GlobalSection(ProjectConfigurationPlatforms) = postSolution
		{6C443BDA-F610-4CAF-BC2B-3E00A3A1DBEE}.Debug|Any CPU.ActiveCfg = Debug|Any CPU
		{6C443BDA-F610-4CAF-BC2B-3E00A3A1DBEE}.Debug|Any CPU.Build.0 = Debug|Any CPU
		{6C443BDA-F610-4CAF-BC2B-3E00A3A1DBEE}.Release|Any CPU.ActiveCfg = Release|Any CPU
		{6C443BDA-F610-4CAF-BC2B-3E00A3A1DBEE}.Release|Any CPU.Build.0 = Release|Any CPU
		{174112A8-2166-4CE7-8A12-13FC26735BB8}.Debug|Any CPU.ActiveCfg = Debug|Any CPU
		{174112A8-2166-4CE7-8A12-13FC26735BB8}.Debug|Any CPU.Build.0 = Debug|Any CPU
		{174112A8-2166-4CE7-8A12-13FC26735BB8}.Release|Any CPU.ActiveCfg = Release|Any CPU
		{174112A8-2166-4CE7-8A12-13FC26735BB8}.Release|Any CPU.Build.0 = Release|Any CPU
		{1B5F5C66-D608-4533-9A03-E313933D2DB1}.Debug|Any CPU.ActiveCfg = Debug|Any CPU
		{1B5F5C66-D608-4533-9A03-E313933D2DB1}.Debug|Any CPU.Build.0 = Debug|Any CPU
		{1B5F5C66-D608-4533-9A03-E313933D2DB1}.Release|Any CPU.ActiveCfg = Release|Any CPU
		{1B5F5C66-D608-4533-9A03-E313933D2DB1}.Release|Any CPU.Build.0 = Release|Any CPU
		{03B19C80-983E-4F39-BD8B-6242BFE2335A}.Debug|Any CPU.ActiveCfg = Debug|Any CPU
		{03B19C80-983E-4F39-BD8B-6242BFE2335A}.Debug|Any CPU.Build.0 = Debug|Any CPU
		{03B19C80-983E-4F39-BD8B-6242BFE2335A}.Release|Any CPU.ActiveCfg = Release|Any CPU
		{03B19C80-983E-4F39-BD8B-6242BFE2335A}.Release|Any CPU.Build.0 = Release|Any CPU
		{CA22DE45-5196-4AD2-B773-ADF678F3BFAD}.Debug|Any CPU.ActiveCfg = Debug|Any CPU
		{CA22DE45-5196-4AD2-B773-ADF678F3BFAD}.Debug|Any CPU.Build.0 = Debug|Any CPU
		{CA22DE45-5196-4AD2-B773-ADF678F3BFAD}.Release|Any CPU.ActiveCfg = Release|Any CPU
		{CA22DE45-5196-4AD2-B773-ADF678F3BFAD}.Release|Any CPU.Build.0 = Release|Any CPU
		{E92BE14A-F40A-4B56-99F9-E4CB42465399}.Debug|Any CPU.ActiveCfg = Debug|Any CPU
		{E92BE14A-F40A-4B56-99F9-E4CB42465399}.Debug|Any CPU.Build.0 = Debug|Any CPU
		{E92BE14A-F40A-4B56-99F9-E4CB42465399}.Release|Any CPU.ActiveCfg = Release|Any CPU
		{E92BE14A-F40A-4B56-99F9-E4CB42465399}.Release|Any CPU.Build.0 = Release|Any CPU
		{E020507F-72AE-4709-B759-0BAB13FC620D}.Debug|Any CPU.ActiveCfg = Debug|Any CPU
		{E020507F-72AE-4709-B759-0BAB13FC620D}.Debug|Any CPU.Build.0 = Debug|Any CPU
		{E020507F-72AE-4709-B759-0BAB13FC620D}.Release|Any CPU.ActiveCfg = Release|Any CPU
		{E020507F-72AE-4709-B759-0BAB13FC620D}.Release|Any CPU.Build.0 = Release|Any CPU
		{364FBE78-D526-4595-9552-F87A66DBFCA0}.Debug|Any CPU.ActiveCfg = Debug|Any CPU
		{364FBE78-D526-4595-9552-F87A66DBFCA0}.Debug|Any CPU.Build.0 = Debug|Any CPU
		{364FBE78-D526-4595-9552-F87A66DBFCA0}.Release|Any CPU.ActiveCfg = Release|Any CPU
		{364FBE78-D526-4595-9552-F87A66DBFCA0}.Release|Any CPU.Build.0 = Release|Any CPU
		{DB0F7C27-3383-4A1C-93F4-9AF6B4D831C4}.Debug|Any CPU.ActiveCfg = Debug|Any CPU
		{DB0F7C27-3383-4A1C-93F4-9AF6B4D831C4}.Debug|Any CPU.Build.0 = Debug|Any CPU
		{DB0F7C27-3383-4A1C-93F4-9AF6B4D831C4}.Release|Any CPU.ActiveCfg = Release|Any CPU
		{DB0F7C27-3383-4A1C-93F4-9AF6B4D831C4}.Release|Any CPU.Build.0 = Release|Any CPU
		{66B83A2E-5F75-483A-AE83-019928A4AC8D}.Debug|Any CPU.ActiveCfg = Debug|Any CPU
		{66B83A2E-5F75-483A-AE83-019928A4AC8D}.Debug|Any CPU.Build.0 = Debug|Any CPU
		{66B83A2E-5F75-483A-AE83-019928A4AC8D}.Release|Any CPU.ActiveCfg = Release|Any CPU
		{66B83A2E-5F75-483A-AE83-019928A4AC8D}.Release|Any CPU.Build.0 = Release|Any CPU
	EndGlobalSection
	GlobalSection(SolutionProperties) = preSolution
		HideSolutionNode = FALSE
	EndGlobalSection
	GlobalSection(NestedProjects) = preSolution
		{174112A8-2166-4CE7-8A12-13FC26735BB8} = {02EA681E-C7D8-13C7-8484-4AC65E1B71E8}
		{1B5F5C66-D608-4533-9A03-E313933D2DB1} = {02EA681E-C7D8-13C7-8484-4AC65E1B71E8}
		{03B19C80-983E-4F39-BD8B-6242BFE2335A} = {02EA681E-C7D8-13C7-8484-4AC65E1B71E8}
		{CA22DE45-5196-4AD2-B773-ADF678F3BFAD} = {02EA681E-C7D8-13C7-8484-4AC65E1B71E8}
		{E92BE14A-F40A-4B56-99F9-E4CB42465399} = {C5C1312B-A902-4009-BCFF-963733CF7D90}
		{E020507F-72AE-4709-B759-0BAB13FC620D} = {C5C1312B-A902-4009-BCFF-963733CF7D90}
		{364FBE78-D526-4595-9552-F87A66DBFCA0} = {C5C1312B-A902-4009-BCFF-963733CF7D90}
		{DB0F7C27-3383-4A1C-93F4-9AF6B4D831C4} = {C5C1312B-A902-4009-BCFF-963733CF7D90}
		{66B83A2E-5F75-483A-AE83-019928A4AC8D} = {C5C1312B-A902-4009-BCFF-963733CF7D90}
	EndGlobalSection
	GlobalSection(ExtensibilityGlobals) = postSolution
		SolutionGuid = {015AE390-1300-4695-A6ED-C19CFDB00596}
	EndGlobalSection
EndGlobal
